<?xml version="1.0" encoding="utf-8"?>
<Project ToolsVersion="4.0" xmlns="http://schemas.microsoft.com/developer/msbuild/2003">
  <ItemGroup>
    <Filter Include="Source Files">
      <UniqueIdentifier>{4FC737F1-C7A5-4376-A066-2A32D752A2FF}</UniqueIdentifier>
      <Extensions>cpp;cxx;c;def</Extensions>
    </Filter>
    <Filter Include="Header Files">
      <UniqueIdentifier>{93995380-89BD-4b04-88EB-625FBE52EBFB}</UniqueIdentifier>
      <Extensions>h</Extensions>
    </Filter>
    <Filter Include="Form Files">
      <UniqueIdentifier>{99349809-55BA-4b9d-BF79-8FDBB0286EB3}</UniqueIdentifier>
      <Extensions>ui</Extensions>
    </Filter>
    <Filter Include="Resource Files">
      <UniqueIdentifier>{D9D6E242-F8AF-46E4-B9FD-80ECBC20BA3E}</UniqueIdentifier>
      <Extensions>qrc;*</Extensions>
      <ParseFiles>false</ParseFiles>
    </Filter>
    <Filter Include="Generated Files">
      <UniqueIdentifier>{71ED8ED8-ACB9-4CE9-BBE1-E00B30144E11}</UniqueIdentifier>
      <Extensions>moc;h;cpp</Extensions>
      <SourceControlFiles>False</SourceControlFiles>
    </Filter>
    <Filter Include="Generated Files\Debug">
      <UniqueIdentifier>{199de13f-aebb-4bba-98ff-4a3c9c6d0079}</UniqueIdentifier>
      <Extensions>cpp;moc</Extensions>
      <SourceControlFiles>False</SourceControlFiles>
    </Filter>
    <Filter Include="Generated Files\Release">
      <UniqueIdentifier>{f566411b-1fd8-478e-b7f3-11706b663450}</UniqueIdentifier>
      <Extensions>cpp;moc</Extensions>
      <SourceControlFiles>False</SourceControlFiles>
    </Filter>
    <Filter Include="AnalysisIntervisibility">
      <UniqueIdentifier>{28b33675-792f-4180-81e8-e05f1d637676}</UniqueIdentifier>
    </Filter>
    <Filter Include="Geometry">
      <UniqueIdentifier>{d2696332-c5b7-4b18-86b8-d2b10097c69b}</UniqueIdentifier>
    </Filter>
    <Filter Include="Measurement">
      <UniqueIdentifier>{f2bd5bc0-b4c1-47a9-b90b-d1ce2516c4ee}</UniqueIdentifier>
    </Filter>
    <Filter Include="Tools">
      <UniqueIdentifier>{106b47cb-4254-4168-89c6-f92ad47d4704}</UniqueIdentifier>
    </Filter>
    <Filter Include="Handle">
      <UniqueIdentifier>{cecde5a3-ea09-447c-b5c7-83a24b08d884}</UniqueIdentifier>
    </Filter>
  </ItemGroup>
  <ItemGroup>
    <ClCompile Include="main.cpp">
      <Filter>Source Files</Filter>
    </ClCompile>
    <ClCompile Include="GeneratedFiles\Debug\moc_avatar.cpp">
      <Filter>Generated Files\Debug</Filter>
    </ClCompile>
    <ClCompile Include="GeneratedFiles\Release\moc_avatar.cpp">
      <Filter>Generated Files\Release</Filter>
    </ClCompile>
    <ClCompile Include="calcmath.cpp">
      <Filter>Source Files</Filter>
    </ClCompile>
    <ClCompile Include="GeneratedFiles\Debug\moc_controlavatar.cpp">
      <Filter>Generated Files\Debug</Filter>
    </ClCompile>
    <ClCompile Include="GeneratedFiles\Release\moc_controlavatar.cpp">
      <Filter>Generated Files\Release</Filter>
    </ClCompile>
    <ClCompile Include="EventAdapter.cpp">
      <Filter>Source Files</Filter>
    </ClCompile>
    <ClCompile Include="graphicsview.cpp">
      <Filter>Source Files</Filter>
    </ClCompile>
    <ClCompile Include="GeneratedFiles\Debug\moc_graphicsview.cpp">
      <Filter>Generated Files\Debug</Filter>
    </ClCompile>
    <ClCompile Include="GeneratedFiles\Release\moc_graphicsview.cpp">
      <Filter>Generated Files\Release</Filter>
    </ClCompile>
    <ClCompile Include="osgearth.cpp">
      <Filter>Source Files</Filter>
    </ClCompile>
    <ClCompile Include="GeneratedFiles\Debug\moc_osgearth.cpp">
      <Filter>Generated Files\Debug</Filter>
    </ClCompile>
    <ClCompile Include="GeneratedFiles\Release\moc_osgearth.cpp">
      <Filter>Generated Files\Release</Filter>
    </ClCompile>
    <ClCompile Include="areaanalysis.cpp">
      <Filter>AnalysisIntervisibility</Filter>
    </ClCompile>
    <ClCompile Include="lineanalysis.cpp">
      <Filter>AnalysisIntervisibility</Filter>
    </ClCompile>
    <ClCompile Include="area.cpp">
      <Filter>Measurement</Filter>
    </ClCompile>
    <ClCompile Include="distance.cpp">
      <Filter>Measurement</Filter>
    </ClCompile>
    <ClCompile Include="height.cpp">
      <Filter>Measurement</Filter>
    </ClCompile>
    <ClCompile Include="water.cpp">
      <Filter>Measurement</Filter>
    </ClCompile>
    <ClCompile Include="drawcircle.cpp">
      <Filter>Geometry</Filter>
    </ClCompile>
    <ClCompile Include="drawline.cpp">
      <Filter>Geometry</Filter>
    </ClCompile>
    <ClCompile Include="GeneratedFiles\Debug\moc_pickhandle.cpp">
      <Filter>Generated Files\Debug</Filter>
    </ClCompile>
    <ClCompile Include="GeneratedFiles\Release\moc_pickhandle.cpp">
      <Filter>Generated Files\Release</Filter>
    </ClCompile>
    <ClCompile Include="drawpolygon.cpp">
      <Filter>Geometry</Filter>
    </ClCompile>
    <ClCompile Include="GeneratedFiles\Debug\moc_handleadapter.cpp">
      <Filter>Generated Files\Debug</Filter>
    </ClCompile>
    <ClCompile Include="GeneratedFiles\Release\moc_handleadapter.cpp">
      <Filter>Generated Files\Release</Filter>
    </ClCompile>
    <ClCompile Include="avatar.cpp">
      <Filter>Tools</Filter>
    </ClCompile>
    <ClCompile Include="GeneratedFiles\Debug\moc_radarmap.cpp">
      <Filter>Generated Files\Debug</Filter>
    </ClCompile>
    <ClCompile Include="GeneratedFiles\Release\moc_radarmap.cpp">
      <Filter>Generated Files\Release</Filter>
    </ClCompile>
    <ClCompile Include="radarmap.cpp">
      <Filter>Tools</Filter>
    </ClCompile>
    <ClCompile Include="handleadapter.cpp">
      <Filter>Handle</Filter>
    </ClCompile>
    <ClCompile Include="pickhandle.cpp">
      <Filter>Handle</Filter>
    </ClCompile>
    <ClCompile Include="controlavatar.cpp">
      <Filter>Handle</Filter>
    </ClCompile>
    <ClCompile Include="GeneratedFiles\Debug\moc_framehandle.cpp">
      <Filter>Generated Files\Debug</Filter>
    </ClCompile>
    <ClCompile Include="GeneratedFiles\Release\moc_framehandle.cpp">
      <Filter>Generated Files\Release</Filter>
    </ClCompile>
    <ClCompile Include="framehandle.cpp">
      <Filter>Handle</Filter>
    </ClCompile>
  </ItemGroup>
  <ItemGroup>
    <None Include="osgearth.qrc">
      <Filter>Resource Files</Filter>
    </None>
  </ItemGroup>
  <ItemGroup>
    <CustomBuild Include="graphicsview.h">
      <Filter>Header Files</Filter>
    </CustomBuild>
    <CustomBuild Include="osgearth.h">
      <Filter>Header Files</Filter>
    </CustomBuild>
    <CustomBuild Include="osgearth.ui">
      <Filter>Form Files</Filter>
    </CustomBuild>
    <CustomBuild Include="areaanalysis.h">
      <Filter>AnalysisIntervisibility</Filter>
    </CustomBuild>
    <CustomBuild Include="lineanalysis.h">
      <Filter>AnalysisIntervisibility</Filter>
    </CustomBuild>
    <CustomBuild Include="area.h">
      <Filter>Measurement</Filter>
    </CustomBuild>
    <CustomBuild Include="height.h">
      <Filter>Measurement</Filter>
    </CustomBuild>
    <CustomBuild Include="water.h">
      <Filter>Measurement</Filter>
    </CustomBuild>
    <CustomBuild Include="drawcircle.h">
      <Filter>Geometry</Filter>
    </CustomBuild>
    <CustomBuild Include="drawline.h">
      <Filter>Geometry</Filter>
    </CustomBuild>
    <CustomBuild Include="distance.h">
      <Filter>Measurement</Filter>
    </CustomBuild>
    <CustomBuild Include="drawpolygon.h">
      <Filter>Geometry</Filter>
    </CustomBuild>
    <CustomBuild Include="avatar.h">
      <Filter>Tools</Filter>
    </CustomBuild>
    <CustomBuild Include="radarmap.h">
      <Filter>Tools</Filter>
    </CustomBuild>
    <CustomBuild Include="handleadapter.h">
      <Filter>Handle</Filter>
    </CustomBuild>
    <CustomBuild Include="pickhandle.h">
      <Filter>Handle</Filter>
    </CustomBuild>
    <CustomBuild Include="controlavatar.h">
      <Filter>Handle</Filter>
    </CustomBuild>
    <CustomBuild Include="framehandle.h">
      <Filter>Handle</Filter>
    </CustomBuild>
  </ItemGroup>
  <ItemGroup>
    <ClInclude Include="calcmath.h">
      <Filter>Header Files</Filter>
    </ClInclude>
    <ClInclude Include="EventAdapter.h">
      <Filter>Header Files</Filter>
    </ClInclude>
    <ClInclude Include="MyOSG.h">
      <Filter>Header Files</Filter>
    </ClInclude>
    <ClInclude Include="MyOSGEarth.h">
      <Filter>Header Files</Filter>
    </ClInclude>
    <ClInclude Include="GeneratedFiles\ui_osgearth.h">
      <Filter>Generated Files</Filter>
    </ClInclude>
  </ItemGroup>
</Project>